
Microsoft Visual Studio Solution File, Format Version 12.00
# Visual Studio Version 17
VisualStudioVersion = 17.11.35327.3
MinimumVisualStudioVersion = 10.0.40219.1
Project("{9A19103F-16F7-4668-BE54-9A1E7A4F7556}") = "Random Flashcards", "Random Flashcards.csproj", "{6511A687-07EF-439D-9662-B24F30A9ABC3}"
EndProject
Global
	GlobalSection(SolutionConfigurationPlatforms) = preSolution
		Debug|Any CPU = Debug|Any CPU
		Debug|ARM32 = Debug|ARM32
		Debug|x86 = Debug|x86
		Release|Any CPU = Release|Any CPU
		Release|ARM32 = Release|ARM32
		Release|x86 = Release|x86
	EndGlobalSection
	GlobalSection(ProjectConfigurationPlatforms) = postSolution
		{6511A687-07EF-439D-9662-B24F30A9ABC3}.Debug|Any CPU.ActiveCfg = Debug|Any CPU
		{6511A687-07EF-439D-9662-B24F30A9ABC3}.Debug|Any CPU.Build.0 = Debug|Any CPU
		{6511A687-07EF-439D-9662-B24F30A9ABC3}.Debug|ARM32.ActiveCfg = Debug|Any CPU
		{6511A687-07EF-439D-9662-B24F30A9ABC3}.Debug|x86.ActiveCfg = Debug|Any CPU
		{6511A687-07EF-439D-9662-B24F30A9ABC3}.Release|Any CPU.ActiveCfg = Release|Any CPU
		{6511A687-07EF-439D-9662-B24F30A9ABC3}.Release|Any CPU.Build.0 = Release|Any CPU
		{6511A687-07EF-439D-9662-B24F30A9ABC3}.Release|ARM32.ActiveCfg = Release|Any CPU
		{6511A687-07EF-439D-9662-B24F30A9ABC3}.Release|x86.ActiveCfg = Release|Any CPU
	EndGlobalSection
	GlobalSection(SolutionProperties) = preSolution
		HideSolutionNode = FALSE
	EndGlobalSection
	GlobalSection(ExtensibilityGlobals) = postSolution
		SolutionGuid = {20E59D10-B691-4C25-901B-9C07A1A7CBEA}
	EndGlobalSection
EndGlobal
